
Microsoft Visual Studio Solution File, Format Version 12.00
# Visual Studio Version 17
VisualStudioVersion = 17.7.34202.233
MinimumVisualStudioVersion = 10.0.40219.1
Project("{FAE04EC0-301F-11D3-BF4B-00C04F79EFBC}") = "ZimmerArcitect.API", "ZimmerArcitect.API\ZimmerArcitect.API.csproj", "{8ECD0A68-2306-47CC-BC1F-88227EF20645}"
EndProject
Project("{FAE04EC0-301F-11D3-BF4B-00C04F79EFBC}") = "ZimmerArcitect.core", "ZimmerArcitect.core\ZimmerArcitect.core.csproj", "{7307621D-47C3-4199-AEF6-5EEB3DF7DA0C}"
EndProject
Project("{FAE04EC0-301F-11D3-BF4B-00C04F79EFBC}") = "ZimmerArcitect.Data", "ZimmerArcitect.Data\ZimmerArcitect.Data.csproj", "{77C54E44-915C-44D5-A69E-231E98DBC97D}"
EndProject
Project("{FAE04EC0-301F-11D3-BF4B-00C04F79EFBC}") = "ZimmerArcitect.Service", "ZimmerArcitect.Service\ZimmerArcitect.Service.csproj", "{39209541-ACD3-416C-8861-65B45647A904}"
EndProject
Global
	GlobalSection(SolutionConfigurationPlatforms) = preSolution
		Debug|Any CPU = Debug|Any CPU
		Release|Any CPU = Release|Any CPU
	EndGlobalSection
	GlobalSection(ProjectConfigurationPlatforms) = postSolution
		{8ECD0A68-2306-47CC-BC1F-88227EF20645}.Debug|Any CPU.ActiveCfg = Debug|Any CPU
		{8ECD0A68-2306-47CC-BC1F-88227EF20645}.Debug|Any CPU.Build.0 = Debug|Any CPU
		{8ECD0A68-2306-47CC-BC1F-88227EF20645}.Release|Any CPU.ActiveCfg = Release|Any CPU
		{8ECD0A68-2306-47CC-BC1F-88227EF20645}.Release|Any CPU.Build.0 = Release|Any CPU
		{7307621D-47C3-4199-AEF6-5EEB3DF7DA0C}.Debug|Any CPU.ActiveCfg = Debug|Any CPU
		{7307621D-47C3-4199-AEF6-5EEB3DF7DA0C}.Debug|Any CPU.Build.0 = Debug|Any CPU
		{7307621D-47C3-4199-AEF6-5EEB3DF7DA0C}.Release|Any CPU.ActiveCfg = Release|Any CPU
		{7307621D-47C3-4199-AEF6-5EEB3DF7DA0C}.Release|Any CPU.Build.0 = Release|Any CPU
		{77C54E44-915C-44D5-A69E-231E98DBC97D}.Debug|Any CPU.ActiveCfg = Debug|Any CPU
		{77C54E44-915C-44D5-A69E-231E98DBC97D}.Debug|Any CPU.Build.0 = Debug|Any CPU
		{77C54E44-915C-44D5-A69E-231E98DBC97D}.Release|Any CPU.ActiveCfg = Release|Any CPU
		{77C54E44-915C-44D5-A69E-231E98DBC97D}.Release|Any CPU.Build.0 = Release|Any CPU
		{39209541-ACD3-416C-8861-65B45647A904}.Debug|Any CPU.ActiveCfg = Debug|Any CPU
		{39209541-ACD3-416C-8861-65B45647A904}.Debug|Any CPU.Build.0 = Debug|Any CPU
		{39209541-ACD3-416C-8861-65B45647A904}.Release|Any CPU.ActiveCfg = Release|Any CPU
		{39209541-ACD3-416C-8861-65B45647A904}.Release|Any CPU.Build.0 = Release|Any CPU
	EndGlobalSection
	GlobalSection(SolutionProperties) = preSolution
		HideSolutionNode = FALSE
	EndGlobalSection
	GlobalSection(ExtensibilityGlobals) = postSolution
		SolutionGuid = {4BB476FE-5DE9-4D37-8F26-85BD5F9A0F10}
	EndGlobalSection
EndGlobal
